// !$*UTF8*$!
{
	archiveVersion = 1;
	classes = {
	};
	objectVersion = 77;
	objects = {

/* Begin PBXContainerItemProxy section */
		AB9A6BD52D6C3A8800EE763A /* PBXContainerItemProxy */ = {
			isa = PBXContainerItemProxy;
			containerPortal = AB9A6BBC2D6C3A8700EE763A /* Project object */;
			proxyType = 1;
			remoteGlobalIDString = AB9A6BC32D6C3A8700EE763A;
			remoteInfo = TheDictionaryApp;
		};
		AB9A6BDF2D6C3A8800EE763A /* PBXContainerItemProxy */ = {
			isa = PBXContainerItemProxy;
			containerPortal = AB9A6BBC2D6C3A8700EE763A /* Project object */;
			proxyType = 1;
			remoteGlobalIDString = AB9A6BC32D6C3A8700EE763A;
			remoteInfo = TheDictionaryApp;
		};
/* End PBXContainerItemProxy section */

/* Begin PBXFileReference section */
		AB9A6BC42D6C3A8700EE763A /* TheDictionaryApp.app */ = {isa = PBXFileReference; explicitFileType = wrapper.application; includeInIndex = 0; path = TheDictionaryApp.app; sourceTree = BUILT_PRODUCTS_DIR; };
		AB9A6BD42D6C3A8800EE763A /* TheDictionaryAppTests.xctest */ = {isa = PBXFileReference; explicitFileType = wrapper.cfbundle; includeInIndex = 0; path = TheDictionaryAppTests.xctest; sourceTree = BUILT_PRODUCTS_DIR; };
		AB9A6BDE2D6C3A8800EE763A /* TheDictionaryAppUITests.xctest */ = {isa = PBXFileReference; explicitFileType = wrapper.cfbundle; includeInIndex = 0; path = TheDictionaryAppUITests.xctest; sourceTree = BUILT_PRODUCTS_DIR; };
		AB9A6C272D6C466D00EE763A /* Domain */ = {isa = PBXFileReference; lastKnownFileType = wrapper; path = Domain; sourceTree = "<group>"; };
/* End PBXFileReference section */

/* Begin PBXFileSystemSynchronizedRootGroup section */
		AB9A6BC62D6C3A8700EE763A /* TheDictionaryApp */ = {
			isa = PBXFileSystemSynchronizedRootGroup;
			path = TheDictionaryApp;
			sourceTree = "<group>";
		};
		AB9A6BD72D6C3A8800EE763A /* TheDictionaryAppTests */ = {
			isa = PBXFileSystemSynchronizedRootGroup;
			path = TheDictionaryAppTests;
			sourceTree = "<group>";
		};
		AB9A6BE12D6C3A8800EE763A /* TheDictionaryAppUITests */ = {
			isa = PBXFileSystemSynchronizedRootGroup;
			path = TheDictionaryAppUITests;
			sourceTree = "<group>";
		};
/* End PBXFileSystemSynchronizedRootGroup section */

/* Begin PBXFrameworksBuildPhase section */
		AB9A6BC12D6C3A8700EE763A /* Frameworks */ = {
			isa = PBXFrameworksBuildPhase;
			buildActionMask = 2147483647;
			files = (
			);
			runOnlyForDeploymentPostprocessing = 0;
		};
		AB9A6BD12D6C3A8800EE763A /* Frameworks */ = {
			isa = PBXFrameworksBuildPhase;
			buildActionMask = 2147483647;
			files = (
			);
			runOnlyForDeploymentPostprocessing = 0;
		};
		AB9A6BDB2D6C3A8800EE763A /* Frameworks */ = {
			isa = PBXFrameworksBuildPhase;
			buildActionMask = 2147483647;
			files = (
			);
			runOnlyForDeploymentPostprocessing = 0;
		};
/* End PBXFrameworksBuildPhase section */

/* Begin PBXGroup section */
		AB9A6BBB2D6C3A8700EE763A = {
			isa = PBXGroup;
			children = (
				AB9A6C272D6C466D00EE763A /* Domain */,
				AB9A6BC62D6C3A8700EE763A /* TheDictionaryApp */,
				AB9A6BD72D6C3A8800EE763A /* TheDictionaryAppTests */,
				AB9A6BE12D6C3A8800EE763A /* TheDictionaryAppUITests */,
				AB9A6BC52D6C3A8700EE763A /* Products */,
			);
			sourceTree = "<group>";
		};
		AB9A6BC52D6C3A8700EE763A /* Products */ = {
			isa = PBXGroup;
			children = (
				AB9A6BC42D6C3A8700EE763A /* TheDictionaryApp.app */,
				AB9A6BD42D6C3A8800EE763A /* TheDictionaryAppTests.xctest */,
				AB9A6BDE2D6C3A8800EE763A /* TheDictionaryAppUITests.xctest */,
			);
			name = Products;
			sourceTree = "<group>";
		};
/* End PBXGroup section */

/* Begin PBXNativeTarget section */
		AB9A6BC32D6C3A8700EE763A /* TheDictionaryApp */ = {
			isa = PBXNativeTarget;
			buildConfigurationList = AB9A6BE82D6C3A8800EE763A /* Build configuration list for PBXNativeTarget "TheDictionaryApp" */;
			buildPhases = (
				AB9A6BC02D6C3A8700EE763A /* Sources */,
				AB9A6BC12D6C3A8700EE763A /* Frameworks */,
				AB9A6BC22D6C3A8700EE763A /* Resources */,
			);
			buildRules = (
			);
			dependencies = (
			);
			fileSystemSynchronizedGroups = (
				AB9A6BC62D6C3A8700EE763A /* TheDictionaryApp */,
			);
			name = TheDictionaryApp;
			packageProductDependencies = (
			);
			productName = TheDictionaryApp;
			productReference = AB9A6BC42D6C3A8700EE763A /* TheDictionaryApp.app */;
			productType = "com.apple.product-type.application";
		};
		AB9A6BD32D6C3A8800EE763A /* TheDictionaryAppTests */ = {
			isa = PBXNativeTarget;
			buildConfigurationList = AB9A6BEB2D6C3A8800EE763A /* Build configuration list for PBXNativeTarget "TheDictionaryAppTests" */;
			buildPhases = (
				AB9A6BD02D6C3A8800EE763A /* Sources */,
				AB9A6BD12D6C3A8800EE763A /* Frameworks */,
				AB9A6BD22D6C3A8800EE763A /* Resources */,
			);
			buildRules = (
			);
			dependencies = (
				AB9A6BD62D6C3A8800EE763A /* PBXTargetDependency */,
			);
			fileSystemSynchronizedGroups = (
				AB9A6BD72D6C3A8800EE763A /* TheDictionaryAppTests */,
			);
			name = TheDictionaryAppTests;
			packageProductDependencies = (
			);
			productName = TheDictionaryAppTests;
			productReference = AB9A6BD42D6C3A8800EE763A /* TheDictionaryAppTests.xctest */;
			productType = "com.apple.product-type.bundle.unit-test";
		};
		AB9A6BDD2D6C3A8800EE763A /* TheDictionaryAppUITests */ = {
			isa = PBXNativeTarget;
			buildConfigurationList = AB9A6BEE2D6C3A8800EE763A /* Build configuration list for PBXNativeTarget "TheDictionaryAppUITests" */;
			buildPhases = (
				AB9A6BDA2D6C3A8800EE763A /* Sources */,
				AB9A6BDB2D6C3A8800EE763A /* Frameworks */,
				AB9A6BDC2D6C3A8800EE763A /* Resources */,
			);
			buildRules = (
			);
			dependencies = (
				AB9A6BE02D6C3A8800EE763A /* PBXTargetDependency */,
			);
			fileSystemSynchronizedGroups = (
				AB9A6BE12D6C3A8800EE763A /* TheDictionaryAppUITests */,
			);
			name = TheDictionaryAppUITests;
			packageProductDependencies = (
			);
			productName = TheDictionaryAppUITests;
			productReference = AB9A6BDE2D6C3A8800EE763A /* TheDictionaryAppUITests.xctest */;
			productType = "com.apple.product-type.bundle.ui-testing";
		};
/* End PBXNativeTarget section */

/* Begin PBXProject section */
		AB9A6BBC2D6C3A8700EE763A /* Project object */ = {
			isa = PBXProject;
			attributes = {
				BuildIndependentTargetsInParallel = 1;
				LastSwiftUpdateCheck = 1620;
				LastUpgradeCheck = 1620;
				TargetAttributes = {
					AB9A6BC32D6C3A8700EE763A = {
						CreatedOnToolsVersion = 16.2;
					};
					AB9A6BD32D6C3A8800EE763A = {
						CreatedOnToolsVersion = 16.2;
						TestTargetID = AB9A6BC32D6C3A8700EE763A;
					};
					AB9A6BDD2D6C3A8800EE763A = {
						CreatedOnToolsVersion = 16.2;
						TestTargetID = AB9A6BC32D6C3A8700EE763A;
					};
				};
			};
			buildConfigurationList = AB9A6BBF2D6C3A8700EE763A /* Build configuration list for PBXProject "TheDictionaryApp" */;
			developmentRegion = en;
			hasScannedForEncodings = 0;
			knownRegions = (
				en,
				Base,
			);
			mainGroup = AB9A6BBB2D6C3A8700EE763A;
			minimizedProjectReferenceProxies = 1;
			preferredProjectObjectVersion = 77;
			productRefGroup = AB9A6BC52D6C3A8700EE763A /* Products */;
			projectDirPath = "";
			projectRoot = "";
			targets = (
				AB9A6BC32D6C3A8700EE763A /* TheDictionaryApp */,
				AB9A6BD32D6C3A8800EE763A /* TheDictionaryAppTests */,
				AB9A6BDD2D6C3A8800EE763A /* TheDictionaryAppUITests */,
			);
		};
/* End PBXProject section */

/* Begin PBXResourcesBuildPhase section */
		AB9A6BC22D6C3A8700EE763A /* Resources */ = {
			isa = PBXResourcesBuildPhase;
			buildActionMask = 2147483647;
			files = (
			);
			runOnlyForDeploymentPostprocessing = 0;
		};
		AB9A6BD22D6C3A8800EE763A /* Resources */ = {
			isa = PBXResourcesBuildPhase;
			buildActionMask = 2147483647;
			files = (
			);
			runOnlyForDeploymentPostprocessing = 0;
		};
		AB9A6BDC2D6C3A8800EE763A /* Resources */ = {
			isa = PBXResourcesBuildPhase;
			buildActionMask = 2147483647;
			files = (
			);
			runOnlyForDeploymentPostprocessing = 0;
		};
/* End PBXResourcesBuildPhase section */

/* Begin PBXSourcesBuildPhase section */
		AB9A6BC02D6C3A8700EE763A /* Sources */ = {
			isa = PBXSourcesBuildPhase;
			buildActionMask = 2147483647;
			files = (
			);
			runOnlyForDeploymentPostprocessing = 0;
		};
		AB9A6BD02D6C3A8800EE763A /* Sources */ = {
			isa = PBXSourcesBuildPhase;
			buildActionMask = 2147483647;
			files = (
			);
			runOnlyForDeploymentPostprocessing = 0;
		};
		AB9A6BDA2D6C3A8800EE763A /* Sources */ = {
			isa = PBXSourcesBuildPhase;
			buildActionMask = 2147483647;
			files = (
			);
			runOnlyForDeploymentPostprocessing = 0;
		};
/* End PBXSourcesBuildPhase section */

/* Begin PBXTargetDependency section */
		AB9A6BD62D6C3A8800EE763A /* PBXTargetDependency */ = {
			isa = PBXTargetDependency;
			target = AB9A6BC32D6C3A8700EE763A /* TheDictionaryApp */;
			targetProxy = AB9A6BD52D6C3A8800EE763A /* PBXContainerItemProxy */;
		};
		AB9A6BE02D6C3A8800EE763A /* PBXTargetDependency */ = {
			isa = PBXTargetDependency;
			target = AB9A6BC32D6C3A8700EE763A /* TheDictionaryApp */;
			targetProxy = AB9A6BDF2D6C3A8800EE763A /* PBXContainerItemProxy */;
		};
/* End PBXTargetDependency section */

/* Begin XCBuildConfiguration section */
		AB9A6BE62D6C3A8800EE763A /* Debug */ = {
			isa = XCBuildConfiguration;
			buildSettings = {
				ALWAYS_SEARCH_USER_PATHS = NO;
				ASSETCATALOG_COMPILER_GENERATE_SWIFT_ASSET_SYMBOL_EXTENSIONS = YES;
				CLANG_ANALYZER_NONNULL = YES;
				CLANG_ANALYZER_NUMBER_OBJECT_CONVERSION = YES_AGGRESSIVE;
				CLANG_CXX_LANGUAGE_STANDARD = "gnu++20";
				CLANG_ENABLE_MODULES = YES;
				CLANG_ENABLE_OBJC_ARC = YES;
				CLANG_ENABLE_OBJC_WEAK = YES;
				CLANG_WARN_BLOCK_CAPTURE_AUTORELEASING = YES;
				CLANG_WARN_BOOL_CONVERSION = YES;
				CLANG_WARN_COMMA = YES;
				CLANG_WARN_CONSTANT_CONVERSION = YES;
				CLANG_WARN_DEPRECATED_OBJC_IMPLEMENTATIONS = YES;
				CLANG_WARN_DIRECT_OBJC_ISA_USAGE = YES_ERROR;
				CLANG_WARN_DOCUMENTATION_COMMENTS = YES;
				CLANG_WARN_EMPTY_BODY = YES;
				CLANG_WARN_ENUM_CONVERSION = YES;
				CLANG_WARN_INFINITE_RECURSION = YES;
				CLANG_WARN_INT_CONVERSION = YES;
				CLANG_WARN_NON_LITERAL_NULL_CONVERSION = YES;
				CLANG_WARN_OBJC_IMPLICIT_RETAIN_SELF = YES;
				CLANG_WARN_OBJC_LITERAL_CONVERSION = YES;
				CLANG_WARN_OBJC_ROOT_CLASS = YES_ERROR;
				CLANG_WARN_QUOTED_INCLUDE_IN_FRAMEWORK_HEADER = YES;
				CLANG_WARN_RANGE_LOOP_ANALYSIS = YES;
				CLANG_WARN_STRICT_PROTOTYPES = YES;
				CLANG_WARN_SUSPICIOUS_MOVE = YES;
				CLANG_WARN_UNGUARDED_AVAILABILITY = YES_AGGRESSIVE;
				CLANG_WARN_UNREACHABLE_CODE = YES;
				CLANG_WARN__DUPLICATE_METHOD_MATCH = YES;
				COPY_PHASE_STRIP = NO;
				DEBUG_INFORMATION_FORMAT = dwarf;
				ENABLE_STRICT_OBJC_MSGSEND = YES;
				ENABLE_TESTABILITY = YES;
				ENABLE_USER_SCRIPT_SANDBOXING = YES;
				GCC_C_LANGUAGE_STANDARD = gnu17;
				GCC_DYNAMIC_NO_PIC = NO;
				GCC_NO_COMMON_BLOCKS = YES;
				GCC_OPTIMIZATION_LEVEL = 0;
				GCC_PREPROCESSOR_DEFINITIONS = (
					"DEBUG=1",
					"$(inherited)",
				);
				GCC_WARN_64_TO_32_BIT_CONVERSION = YES;
				GCC_WARN_ABOUT_RETURN_TYPE = YES_ERROR;
				GCC_WARN_UNDECLARED_SELECTOR = YES;
				GCC_WARN_UNINITIALIZED_AUTOS = YES_AGGRESSIVE;
				GCC_WARN_UNUSED_FUNCTION = YES;
				GCC_WARN_UNUSED_VARIABLE = YES;
				IPHONEOS_DEPLOYMENT_TARGET = 18.2;
				LOCALIZATION_PREFERS_STRING_CATALOGS = YES;
				MTL_ENABLE_DEBUG_INFO = INCLUDE_SOURCE;
				MTL_FAST_MATH = YES;
				ONLY_ACTIVE_ARCH = YES;
				SDKROOT = iphoneos;
				SWIFT_ACTIVE_COMPILATION_CONDITIONS = "DEBUG $(inherited)";
				SWIFT_OPTIMIZATION_LEVEL = "-Onone";
			};
			name = Debug;
		};
		AB9A6BE72D6C3A8800EE763A /* Release */ = {
			isa = XCBuildConfiguration;
			buildSettings = {
				ALWAYS_SEARCH_USER_PATHS = NO;
				ASSETCATALOG_COMPILER_GENERATE_SWIFT_ASSET_SYMBOL_EXTENSIONS = YES;
				CLANG_ANALYZER_NONNULL = YES;
				CLANG_ANALYZER_NUMBER_OBJECT_CONVERSION = YES_AGGRESSIVE;
				CLANG_CXX_LANGUAGE_STANDARD = "gnu++20";
				CLANG_ENABLE_MODULES = YES;
				CLANG_ENABLE_OBJC_ARC = YES;
				CLANG_ENABLE_OBJC_WEAK = YES;
				CLANG_WARN_BLOCK_CAPTURE_AUTORELEASING = YES;
				CLANG_WARN_BOOL_CONVERSION = YES;
				CLANG_WARN_COMMA = YES;
				CLANG_WARN_CONSTANT_CONVERSION = YES;
				CLANG_WARN_DEPRECATED_OBJC_IMPLEMENTATIONS = YES;
				CLANG_WARN_DIRECT_OBJC_ISA_USAGE = YES_ERROR;
				CLANG_WARN_DOCUMENTATION_COMMENTS = YES;
				CLANG_WARN_EMPTY_BODY = YES;
				CLANG_WARN_ENUM_CONVERSION = YES;
				CLANG_WARN_INFINITE_RECURSION = YES;
				CLANG_WARN_INT_CONVERSION = YES;
				CLANG_WARN_NON_LITERAL_NULL_CONVERSION = YES;
				CLANG_WARN_OBJC_IMPLICIT_RETAIN_SELF = YES;
				CLANG_WARN_OBJC_LITERAL_CONVERSION = YES;
				CLANG_WARN_OBJC_ROOT_CLASS = YES_ERROR;
				CLANG_WARN_QUOTED_INCLUDE_IN_FRAMEWORK_HEADER = YES;
				CLANG_WARN_RANGE_LOOP_ANALYSIS = YES;
				CLANG_WARN_STRICT_PROTOTYPES = YES;
				CLANG_WARN_SUSPICIOUS_MOVE = YES;
				CLANG_WARN_UNGUARDED_AVAILABILITY = YES_AGGRESSIVE;
				CLANG_WARN_UNREACHABLE_CODE = YES;
				CLANG_WARN__DUPLICATE_METHOD_MATCH = YES;
				COPY_PHASE_STRIP = NO;
				DEBUG_INFORMATION_FORMAT = "dwarf-with-dsym";
				ENABLE_NS_ASSERTIONS = NO;
				ENABLE_STRICT_OBJC_MSGSEND = YES;
				ENABLE_USER_SCRIPT_SANDBOXING = YES;
				GCC_C_LANGUAGE_STANDARD = gnu17;
				GCC_NO_COMMON_BLOCKS = YES;
				GCC_WARN_64_TO_32_BIT_CONVERSION = YES;
				GCC_WARN_ABOUT_RETURN_TYPE = YES_ERROR;
				GCC_WARN_UNDECLARED_SELECTOR = YES;
				GCC_WARN_UNINITIALIZED_AUTOS = YES_AGGRESSIVE;
				GCC_WARN_UNUSED_FUNCTION = YES;
				GCC_WARN_UNUSED_VARIABLE = YES;
				IPHONEOS_DEPLOYMENT_TARGET = 18.2;
				LOCALIZATION_PREFERS_STRING_CATALOGS = YES;
				MTL_ENABLE_DEBUG_INFO = NO;
				MTL_FAST_MATH = YES;
				SDKROOT = iphoneos;
				SWIFT_COMPILATION_MODE = wholemodule;
				VALIDATE_PRODUCT = YES;
			};
			name = Release;
		};
		AB9A6BE92D6C3A8800EE763A /* Debug */ = {
			isa = XCBuildConfiguration;
			buildSettings = {
				ASSETCATALOG_COMPILER_APPICON_NAME = AppIcon;
				ASSETCATALOG_COMPILER_GLOBAL_ACCENT_COLOR_NAME = AccentColor;
				CODE_SIGN_STYLE = Automatic;
				CURRENT_PROJECT_VERSION = 1;
				DEVELOPMENT_ASSET_PATHS = "\"TheDictionaryApp/Preview Content\"";
				DEVELOPMENT_TEAM = 7L998UXP4V;
				ENABLE_PREVIEWS = YES;
				GENERATE_INFOPLIST_FILE = YES;
				INFOPLIST_KEY_UIApplicationSceneManifest_Generation = YES;
				INFOPLIST_KEY_UIApplicationSupportsIndirectInputEvents = YES;
				INFOPLIST_KEY_UILaunchScreen_Generation = YES;
				INFOPLIST_KEY_UISupportedInterfaceOrientations_iPad = "UIInterfaceOrientationPortrait UIInterfaceOrientationPortraitUpsideDown UIInterfaceOrientationLandscapeLeft UIInterfaceOrientationLandscapeRight";
				INFOPLIST_KEY_UISupportedInterfaceOrientations_iPhone = "UIInterfaceOrientationPortrait UIInterfaceOrientationLandscapeLeft UIInterfaceOrientationLandscapeRight";
				LD_RUNPATH_SEARCH_PATHS = (
					"$(inherited)",
					"@executable_path/Frameworks",
				);
				MARKETING_VERSION = 1.0;
				PRODUCT_BUNDLE_IDENTIFIER = com.TheDictionaryApp;
				PRODUCT_NAME = "$(TARGET_NAME)";
				SWIFT_EMIT_LOC_STRINGS = YES;
				SWIFT_VERSION = 5.0;
				TARGETED_DEVICE_FAMILY = "1,2";
			};
			name = Debug;
		};
		AB9A6BEA2D6C3A8800EE763A /* Release */ = {
			isa = XCBuildConfiguration;
			buildSettings = {
				ASSETCATALOG_COMPILER_APPICON_NAME = AppIcon;
				ASSETCATALOG_COMPILER_GLOBAL_ACCENT_COLOR_NAME = AccentColor;
				CODE_SIGN_STYLE = Automatic;
				CURRENT_PROJECT_VERSION = 1;
				DEVELOPMENT_ASSET_PATHS = "\"TheDictionaryApp/Preview Content\"";
				DEVELOPMENT_TEAM = 7L998UXP4V;
				ENABLE_PREVIEWS = YES;
				GENERATE_INFOPLIST_FILE = YES;
				INFOPLIST_KEY_UIApplicationSceneManifest_Generation = YES;
				INFOPLIST_KEY_UIApplicationSupportsIndirectInputEvents = YES;
				INFOPLIST_KEY_UILaunchScreen_Generation = YES;
				INFOPLIST_KEY_UISupportedInterfaceOrientations_iPad = "UIInterfaceOrientationPortrait UIInterfaceOrientationPortraitUpsideDown UIInterfaceOrientationLandscapeLeft UIInterfaceOrientationLandscapeRight";
				INFOPLIST_KEY_UISupportedInterfaceOrientations_iPhone = "UIInterfaceOrientationPortrait UIInterfaceOrientationLandscapeLeft UIInterfaceOrientationLandscapeRight";
				LD_RUNPATH_SEARCH_PATHS = (
					"$(inherited)",
					"@executable_path/Frameworks",
				);
				MARKETING_VERSION = 1.0;
				PRODUCT_BUNDLE_IDENTIFIER = com.TheDictionaryApp;
				PRODUCT_NAME = "$(TARGET_NAME)";
				SWIFT_EMIT_LOC_STRINGS = YES;
				SWIFT_VERSION = 5.0;
				TARGETED_DEVICE_FAMILY = "1,2";
			};
			name = Release;
		};
		AB9A6BEC2D6C3A8800EE763A /* Debug */ = {
			isa = XCBuildConfiguration;
			buildSettings = {
				BUNDLE_LOADER = "$(TEST_HOST)";
				CODE_SIGN_STYLE = Automatic;
				CURRENT_PROJECT_VERSION = 1;
				DEVELOPMENT_TEAM = 7L998UXP4V;
				GENERATE_INFOPLIST_FILE = YES;
				IPHONEOS_DEPLOYMENT_TARGET = 18.2;
				MARKETING_VERSION = 1.0;
				PRODUCT_BUNDLE_IDENTIFIER = com.TheDictionaryAppTests;
				PRODUCT_NAME = "$(TARGET_NAME)";
				SWIFT_EMIT_LOC_STRINGS = NO;
				SWIFT_VERSION = 5.0;
				TARGETED_DEVICE_FAMILY = "1,2";
				TEST_HOST = "$(BUILT_PRODUCTS_DIR)/TheDictionaryApp.app/$(BUNDLE_EXECUTABLE_FOLDER_PATH)/TheDictionaryApp";
			};
			name = Debug;
		};
		AB9A6BED2D6C3A8800EE763A /* Release */ = {
			isa = XCBuildConfiguration;
			buildSettings = {
				BUNDLE_LOADER = "$(TEST_HOST)";
				CODE_SIGN_STYLE = Automatic;
				CURRENT_PROJECT_VERSION = 1;
				DEVELOPMENT_TEAM = 7L998UXP4V;
				GENERATE_INFOPLIST_FILE = YES;
				IPHONEOS_DEPLOYMENT_TARGET = 18.2;
				MARKETING_VERSION = 1.0;
				PRODUCT_BUNDLE_IDENTIFIER = com.TheDictionaryAppTests;
				PRODUCT_NAME = "$(TARGET_NAME)";
				SWIFT_EMIT_LOC_STRINGS = NO;
				SWIFT_VERSION = 5.0;
				TARGETED_DEVICE_FAMILY = "1,2";
				TEST_HOST = "$(BUILT_PRODUCTS_DIR)/TheDictionaryApp.app/$(BUNDLE_EXECUTABLE_FOLDER_PATH)/TheDictionaryApp";
			};
			name = Release;
		};
		AB9A6BEF2D6C3A8800EE763A /* Debug */ = {
			isa = XCBuildConfiguration;
			buildSettings = {
				CODE_SIGN_STYLE = Automatic;
				CURRENT_PROJECT_VERSION = 1;
				DEVELOPMENT_TEAM = 7L998UXP4V;
				GENERATE_INFOPLIST_FILE = YES;
				MARKETING_VERSION = 1.0;
				PRODUCT_BUNDLE_IDENTIFIER = com.TheDictionaryAppUITests;
				PRODUCT_NAME = "$(TARGET_NAME)";
				SWIFT_EMIT_LOC_STRINGS = NO;
				SWIFT_VERSION = 5.0;
				TARGETED_DEVICE_FAMILY = "1,2";
				TEST_TARGET_NAME = TheDictionaryApp;
			};
			name = Debug;
		};
		AB9A6BF02D6C3A8800EE763A /* Release */ = {
			isa = XCBuildConfiguration;
			buildSettings = {
				CODE_SIGN_STYLE = Automatic;
				CURRENT_PROJECT_VERSION = 1;
				DEVELOPMENT_TEAM = 7L998UXP4V;
				GENERATE_INFOPLIST_FILE = YES;
				MARKETING_VERSION = 1.0;
				PRODUCT_BUNDLE_IDENTIFIER = com.TheDictionaryAppUITests;
				PRODUCT_NAME = "$(TARGET_NAME)";
				SWIFT_EMIT_LOC_STRINGS = NO;
				SWIFT_VERSION = 5.0;
				TARGETED_DEVICE_FAMILY = "1,2";
				TEST_TARGET_NAME = TheDictionaryApp;
			};
			name = Release;
		};
/* End XCBuildConfiguration section */

/* Begin XCConfigurationList section */
		AB9A6BBF2D6C3A8700EE763A /* Build configuration list for PBXProject "TheDictionaryApp" */ = {
			isa = XCConfigurationList;
			buildConfigurations = (
				AB9A6BE62D6C3A8800EE763A /* Debug */,
				AB9A6BE72D6C3A8800EE763A /* Release */,
			);
			defaultConfigurationIsVisible = 0;
			defaultConfigurationName = Release;
		};
		AB9A6BE82D6C3A8800EE763A /* Build configuration list for PBXNativeTarget "TheDictionaryApp" */ = {
			isa = XCConfigurationList;
			buildConfigurations = (
				AB9A6BE92D6C3A8800EE763A /* Debug */,
				AB9A6BEA2D6C3A8800EE763A /* Release */,
			);
			defaultConfigurationIsVisible = 0;
			defaultConfigurationName = Release;
		};
		AB9A6BEB2D6C3A8800EE763A /* Build configuration list for PBXNativeTarget "TheDictionaryAppTests" */ = {
			isa = XCConfigurationList;
			buildConfigurations = (
				AB9A6BEC2D6C3A8800EE763A /* Debug */,
				AB9A6BED2D6C3A8800EE763A /* Release */,
			);
			defaultConfigurationIsVisible = 0;
			defaultConfigurationName = Release;
		};
		AB9A6BEE2D6C3A8800EE763A /* Build configuration list for PBXNativeTarget "TheDictionaryAppUITests" */ = {
			isa = XCConfigurationList;
			buildConfigurations = (
				AB9A6BEF2D6C3A8800EE763A /* Debug */,
				AB9A6BF02D6C3A8800EE763A /* Release */,
			);
			defaultConfigurationIsVisible = 0;
			defaultConfigurationName = Release;
		};
/* End XCConfigurationList section */
	};
	rootObject = AB9A6BBC2D6C3A8700EE763A /* Project object */;
}
